
Microsoft Visual Studio Solution File, Format Version 12.00
# Visual Studio Version 16
VisualStudioVersion = 16.0.30907.101
MinimumVisualStudioVersion = 10.0.40219.1
Project("{FAE04EC0-301F-11D3-BF4B-00C04F79EFBC}") = "PoorBigInt", "PoorBigInt\PoorBigInt.csproj", "{70212E6F-D79B-4764-A763-DB0C74F27DF7}"
EndProject
Project("{FAE04EC0-301F-11D3-BF4B-00C04F79EFBC}") = "PoorBigIntTests", "PoorBigIntTests\PoorBigIntTests.csproj", "{19146C0D-A280-4CFC-B900-F679D9CC83B1}"
EndProject
Global
	GlobalSection(SolutionConfigurationPlatforms) = preSolution
		Debug|Any CPU = Debug|Any CPU
		Release|Any CPU = Release|Any CPU
	EndGlobalSection
	GlobalSection(ProjectConfigurationPlatforms) = postSolution
		{70212E6F-D79B-4764-A763-DB0C74F27DF7}.Debug|Any CPU.ActiveCfg = Debug|Any CPU
		{70212E6F-D79B-4764-A763-DB0C74F27DF7}.Debug|Any CPU.Build.0 = Debug|Any CPU
		{70212E6F-D79B-4764-A763-DB0C74F27DF7}.Release|Any CPU.ActiveCfg = Release|Any CPU
		{70212E6F-D79B-4764-A763-DB0C74F27DF7}.Release|Any CPU.Build.0 = Release|Any CPU
		{19146C0D-A280-4CFC-B900-F679D9CC83B1}.Debug|Any CPU.ActiveCfg = Debug|Any CPU
		{19146C0D-A280-4CFC-B900-F679D9CC83B1}.Debug|Any CPU.Build.0 = Debug|Any CPU
		{19146C0D-A280-4CFC-B900-F679D9CC83B1}.Release|Any CPU.ActiveCfg = Release|Any CPU
		{19146C0D-A280-4CFC-B900-F679D9CC83B1}.Release|Any CPU.Build.0 = Release|Any CPU
	EndGlobalSection
	GlobalSection(SolutionProperties) = preSolution
		HideSolutionNode = FALSE
	EndGlobalSection
	GlobalSection(ExtensibilityGlobals) = postSolution
		SolutionGuid = {B293DEED-98B5-4EBA-AEF3-BEC2977DB924}
	EndGlobalSection
EndGlobal
